Microsoft Visual Studio Solution File, Format Version 12.00
# Visual Studio Version 17
VisualStudioVersion = 17.5.2.0
MinimumVisualStudioVersion = 10.0.40219.1
Project("{FAE04EC0-301F-11D3-BF4B-00C04F79EFBC}") = "DevContainers", "DevContainers.csproj", "{A0D278A6-1053-DF53-923B-885D66DD41C0}"
EndProject
Global
	GlobalSection(SolutionConfigurationPlatforms) = preSolution
		Debug|Any CPU = Debug|Any CPU
		Release|Any CPU = Release|Any CPU
	EndGlobalSection
	GlobalSection(ProjectConfigurationPlatforms) = postSolution
		{A0D278A6-1053-DF53-923B-885D66DD41C0}.Debug|Any CPU.ActiveCfg = Debug|Any CPU
		{A0D278A6-1053-DF53-923B-885D66DD41C0}.Debug|Any CPU.Build.0 = Debug|Any CPU
		{A0D278A6-1053-DF53-923B-885D66DD41C0}.Release|Any CPU.ActiveCfg = Release|Any CPU
		{A0D278A6-1053-DF53-923B-885D66DD41C0}.Release|Any CPU.Build.0 = Release|Any CPU
	EndGlobalSection
	GlobalSection(SolutionProperties) = preSolution
		HideSolutionNode = FALSE
	EndGlobalSection
	GlobalSection(ExtensibilityGlobals) = postSolution
		SolutionGuid = {45D6C4C2-1C10-4DE3-8C7F-C4DC8DA73EDD}
	EndGlobalSection
EndGlobal
